
Microsoft Visual Studio Solution File, Format Version 12.00
# Visual Studio Version 16
VisualStudioVersion = 16.0.31729.503
MinimumVisualStudioVersion = 10.0.40219.1
Project("{FAE04EC0-301F-11D3-BF4B-00C04F79EFBC}") = "chatappNP", "chatappNP\chatappNP.csproj", "{1CE30042-F9B8-42BB-B97E-BA766A21B2B2}"
EndProject
Global
	GlobalSection(SolutionConfigurationPlatforms) = preSolution
		Debug|Any CPU = Debug|Any CPU
		Release|Any CPU = Release|Any CPU
	EndGlobalSection
	GlobalSection(ProjectConfigurationPlatforms) = postSolution
		{1CE30042-F9B8-42BB-B97E-BA766A21B2B2}.Debug|Any CPU.ActiveCfg = Debug|Any CPU
		{1CE30042-F9B8-42BB-B97E-BA766A21B2B2}.Debug|Any CPU.Build.0 = Debug|Any CPU
		{1CE30042-F9B8-42BB-B97E-BA766A21B2B2}.Release|Any CPU.ActiveCfg = Release|Any CPU
		{1CE30042-F9B8-42BB-B97E-BA766A21B2B2}.Release|Any CPU.Build.0 = Release|Any CPU
	EndGlobalSection
	GlobalSection(SolutionProperties) = preSolution
		HideSolutionNode = FALSE
	EndGlobalSection
	GlobalSection(ExtensibilityGlobals) = postSolution
		SolutionGuid = {68637ECA-A490-46D8-ABC7-5EA33AF7253A}
	EndGlobalSection
EndGlobal
